{
    "requires": true,
    "lockfileVersion": 1,
    "dependencies": {
        "izimodal": {
            "version": "1.5.1",
            "resolved": "https://registry.npmjs.org/izimodal/-/izimodal-1.5.1.tgz",
            "integrity": "sha512-DqqGUd741tAqJnWZMQRgixlgtSB6tb/HhfddmlsFWE5P7sckF2SmKVyyttpAdBdN5LUzQiF/R/+IjJw0TS5oTA==",
            "requires": {
                "jquery": "~2"
            },
            "dependencies": {
                "jquery": {
                    "version": "2.2.4",
                    "resolved": "https://registry.npmjs.org/jquery/-/jquery-2.2.4.tgz",
                    "integrity": "sha1-LInWiJterFIqfuoywUUhVZxsvwI="
                }
            }
        }
    }
}
